// !$*UTF8*$!
{
	archiveVersion = 1;
	classes = {
	};
	objectVersion = 46;
	objects = {

/* Begin PBXBuildFile section */
		A1B003F41BA2BF01007B2326 /* beers.jpeg in Resources */ = {isa = PBXBuildFile; fileRef = A1B003F31BA2BF01007B2326 /* beers.jpeg */; };
		A1B003F61BA2C70B007B2326 /* lolazo.jpg in Resources */ = {isa = PBXBuildFile; fileRef = A1B003F51BA2C70B007B2326 /* lolazo.jpg */; };
		A1B003F91BA2EAEC007B2326 /* EuroConverter.m in Sources */ = {isa = PBXBuildFile; fileRef = A1B003F81BA2EAEC007B2326 /* EuroConverter.m */; };
		A1B003FC1BA2FF2F007B2326 /* EuroConverterViewController.m in Sources */ = {isa = PBXBuildFile; fileRef = A1B003FB1BA2FF2F007B2326 /* EuroConverterViewController.m */; };
		A1B003FF1BA30E9E007B2326 /* Beer.m in Sources */ = {isa = PBXBuildFile; fileRef = A1B003FE1BA30E9E007B2326 /* Beer.m */; };
		A1B004021BA3144B007B2326 /* Person.m in Sources */ = {isa = PBXBuildFile; fileRef = A1B004011BA3144B007B2326 /* Person.m */; };
		A1B004071BA33380007B2326 /* PersonTests.m in Sources */ = {isa = PBXBuildFile; fileRef = A1B004061BA33380007B2326 /* PersonTests.m */; };
		A1DE8DB91BA2B801001AAFCC /* main.m in Sources */ = {isa = PBXBuildFile; fileRef = A1DE8DB81BA2B801001AAFCC /* main.m */; };
		A1DE8DBC1BA2B801001AAFCC /* AppDelegate.m in Sources */ = {isa = PBXBuildFile; fileRef = A1DE8DBB1BA2B801001AAFCC /* AppDelegate.m */; };
		A1DE8DBF1BA2B801001AAFCC /* AlphaViewController.m in Sources */ = {isa = PBXBuildFile; fileRef = A1DE8DBE1BA2B801001AAFCC /* AlphaViewController.m */; };
		A1DE8DC21BA2B801001AAFCC /* Main.storyboard in Resources */ = {isa = PBXBuildFile; fileRef = A1DE8DC01BA2B801001AAFCC /* Main.storyboard */; };
		A1DE8DC41BA2B801001AAFCC /* Images.xcassets in Resources */ = {isa = PBXBuildFile; fileRef = A1DE8DC31BA2B801001AAFCC /* Images.xcassets */; };
		A1DE8DC71BA2B801001AAFCC /* LaunchScreen.xib in Resources */ = {isa = PBXBuildFile; fileRef = A1DE8DC51BA2B801001AAFCC /* LaunchScreen.xib */; };
		A1DE8DD31BA2B801001AAFCC /* BeersTests.m in Sources */ = {isa = PBXBuildFile; fileRef = A1DE8DD21BA2B801001AAFCC /* BeersTests.m */; };
		A1E82FEE1BA70B0D009BD5F5 /* Hotel.m in Sources */ = {isa = PBXBuildFile; fileRef = A1E82FED1BA70B0D009BD5F5 /* Hotel.m */; };
		A1E82FF11BA70B3F009BD5F5 /* BeerListTests.m in Sources */ = {isa = PBXBuildFile; fileRef = A1E82FEF1BA70B3F009BD5F5 /* BeerListTests.m */; };
		A1E82FF21BA70B3F009BD5F5 /* HotelTests.m in Sources */ = {isa = PBXBuildFile; fileRef = A1E82FF01BA70B3F009BD5F5 /* HotelTests.m */; };
		A1EADD981BA71D2F00CC1A47 /* BeerList.m in Sources */ = {isa = PBXBuildFile; fileRef = A1EADD971BA71D2F00CC1A47 /* BeerList.m */; };
/* End PBXBuildFile section */

/* Begin PBXContainerItemProxy section */
		A1DE8DCD1BA2B801001AAFCC /* PBXContainerItemProxy */ = {
			isa = PBXContainerItemProxy;
			containerPortal = A1DE8DAB1BA2B801001AAFCC /* Project object */;
			proxyType = 1;
			remoteGlobalIDString = A1DE8DB21BA2B801001AAFCC;
			remoteInfo = Beers;
		};
/* End PBXContainerItemProxy section */

/* Begin PBXFileReference section */
		A1B003F31BA2BF01007B2326 /* beers.jpeg */ = {isa = PBXFileReference; lastKnownFileType = image.jpeg; path = beers.jpeg; sourceTree = "<group>"; };
		A1B003F51BA2C70B007B2326 /* lolazo.jpg */ = {isa = PBXFileReference; lastKnownFileType = image.jpeg; path = lolazo.jpg; sourceTree = "<group>"; };
		A1B003F71BA2EAEC007B2326 /* EuroConverter.h */ = {isa = PBXFileReference; fileEncoding = 4; lastKnownFileType = sourcecode.c.h; path = EuroConverter.h; sourceTree = "<group>"; };
		A1B003F81BA2EAEC007B2326 /* EuroConverter.m */ = {isa = PBXFileReference; fileEncoding = 4; lastKnownFileType = sourcecode.c.objc; path = EuroConverter.m; sourceTree = "<group>"; };
		A1B003FA1BA2FF2F007B2326 /* EuroConverterViewController.h */ = {isa = PBXFileReference; fileEncoding = 4; lastKnownFileType = sourcecode.c.h; path = EuroConverterViewController.h; sourceTree = "<group>"; };
		A1B003FB1BA2FF2F007B2326 /* EuroConverterViewController.m */ = {isa = PBXFileReference; fileEncoding = 4; lastKnownFileType = sourcecode.c.objc; path = EuroConverterViewController.m; sourceTree = "<group>"; };
		A1B003FD1BA30E9E007B2326 /* Beer.h */ = {isa = PBXFileReference; fileEncoding = 4; lastKnownFileType = sourcecode.c.h; path = Beer.h; sourceTree = "<group>"; };
		A1B003FE1BA30E9E007B2326 /* Beer.m */ = {isa = PBXFileReference; fileEncoding = 4; lastKnownFileType = sourcecode.c.objc; path = Beer.m; sourceTree = "<group>"; };
		A1B004001BA3144B007B2326 /* Person.h */ = {isa = PBXFileReference; fileEncoding = 4; lastKnownFileType = sourcecode.c.h; path = Person.h; sourceTree = "<group>"; };
		A1B004011BA3144B007B2326 /* Person.m */ = {isa = PBXFileReference; fileEncoding = 4; lastKnownFileType = sourcecode.c.objc; path = Person.m; sourceTree = "<group>"; };
		A1B004061BA33380007B2326 /* PersonTests.m */ = {isa = PBXFileReference; fileEncoding = 4; lastKnownFileType = sourcecode.c.objc; path = PersonTests.m; sourceTree = "<group>"; };
		A1DE8DB31BA2B801001AAFCC /* Beers.app */ = {isa = PBXFileReference; explicitFileType = wrapper.application; includeInIndex = 0; path = Beers.app; sourceTree = BUILT_PRODUCTS_DIR; };
		A1DE8DB71BA2B801001AAFCC /* Info.plist */ = {isa = PBXFileReference; lastKnownFileType = text.plist.xml; path = Info.plist; sourceTree = "<group>"; };
		A1DE8DB81BA2B801001AAFCC /* main.m */ = {isa = PBXFileReference; lastKnownFileType = sourcecode.c.objc; path = main.m; sourceTree = "<group>"; };
		A1DE8DBA1BA2B801001AAFCC /* AppDelegate.h */ = {isa = PBXFileReference; lastKnownFileType = sourcecode.c.h; path = AppDelegate.h; sourceTree = "<group>"; };
		A1DE8DBB1BA2B801001AAFCC /* AppDelegate.m */ = {isa = PBXFileReference; lastKnownFileType = sourcecode.c.objc; path = AppDelegate.m; sourceTree = "<group>"; };
		A1DE8DBD1BA2B801001AAFCC /* AlphaViewController.h */ = {isa = PBXFileReference; lastKnownFileType = sourcecode.c.h; path = AlphaViewController.h; sourceTree = "<group>"; };
		A1DE8DBE1BA2B801001AAFCC /* AlphaViewController.m */ = {isa = PBXFileReference; lastKnownFileType = sourcecode.c.objc; path = AlphaViewController.m; sourceTree = "<group>"; };
		A1DE8DC11BA2B801001AAFCC /* Base */ = {isa = PBXFileReference; lastKnownFileType = file.storyboard; name = Base; path = Base.lproj/Main.storyboard; sourceTree = "<group>"; };
		A1DE8DC31BA2B801001AAFCC /* Images.xcassets */ = {isa = PBXFileReference; lastKnownFileType = folder.assetcatalog; path = Images.xcassets; sourceTree = "<group>"; };
		A1DE8DC61BA2B801001AAFCC /* Base */ = {isa = PBXFileReference; lastKnownFileType = file.xib; name = Base; path = Base.lproj/LaunchScreen.xib; sourceTree = "<group>"; };
		A1DE8DCC1BA2B801001AAFCC /* BeersTests.xctest */ = {isa = PBXFileReference; explicitFileType = wrapper.cfbundle; includeInIndex = 0; path = BeersTests.xctest; sourceTree = BUILT_PRODUCTS_DIR; };
		A1DE8DD11BA2B801001AAFCC /* Info.plist */ = {isa = PBXFileReference; lastKnownFileType = text.plist.xml; path = Info.plist; sourceTree = "<group>"; };
		A1DE8DD21BA2B801001AAFCC /* BeersTests.m */ = {isa = PBXFileReference; lastKnownFileType = sourcecode.c.objc; path = BeersTests.m; sourceTree = "<group>"; };
		A1E82FEC1BA70B0D009BD5F5 /* Hotel.h */ = {isa = PBXFileReference; fileEncoding = 4; lastKnownFileType = sourcecode.c.h; path = Hotel.h; sourceTree = "<group>"; };
		A1E82FED1BA70B0D009BD5F5 /* Hotel.m */ = {isa = PBXFileReference; fileEncoding = 4; lastKnownFileType = sourcecode.c.objc; path = Hotel.m; sourceTree = "<group>"; };
		A1E82FEF1BA70B3F009BD5F5 /* BeerListTests.m */ = {isa = PBXFileReference; fileEncoding = 4; lastKnownFileType = sourcecode.c.objc; path = BeerListTests.m; sourceTree = "<group>"; };
		A1E82FF01BA70B3F009BD5F5 /* HotelTests.m */ = {isa = PBXFileReference; fileEncoding = 4; lastKnownFileType = sourcecode.c.objc; path = HotelTests.m; sourceTree = "<group>"; };
		A1EADD961BA71D2F00CC1A47 /* BeerList.h */ = {isa = PBXFileReference; fileEncoding = 4; lastKnownFileType = sourcecode.c.h; path = BeerList.h; sourceTree = "<group>"; };
		A1EADD971BA71D2F00CC1A47 /* BeerList.m */ = {isa = PBXFileReference; fileEncoding = 4; lastKnownFileType = sourcecode.c.objc; path = BeerList.m; sourceTree = "<group>"; };
/* End PBXFileReference section */

/* Begin PBXFrameworksBuildPhase section */
		A1DE8DB01BA2B801001AAFCC /* Frameworks */ = {
			isa = PBXFrameworksBuildPhase;
			buildActionMask = 2147483647;
			files = (
			);
			runOnlyForDeploymentPostprocessing = 0;
		};
		A1DE8DC91BA2B801001AAFCC /* Frameworks */ = {
			isa = PBXFrameworksBuildPhase;
			buildActionMask = 2147483647;
			files = (
			);
			runOnlyForDeploymentPostprocessing = 0;
		};
/* End PBXFrameworksBuildPhase section */

/* Begin PBXGroup section */
		A1B004031BA32FE5007B2326 /* Model */ = {
			isa = PBXGroup;
			children = (
				A1B003FD1BA30E9E007B2326 /* Beer.h */,
				A1B003FE1BA30E9E007B2326 /* Beer.m */,
				A1B004001BA3144B007B2326 /* Person.h */,
				A1B004011BA3144B007B2326 /* Person.m */,
				A1B003F71BA2EAEC007B2326 /* EuroConverter.h */,
				A1B003F81BA2EAEC007B2326 /* EuroConverter.m */,
				A1E82FEC1BA70B0D009BD5F5 /* Hotel.h */,
				A1E82FED1BA70B0D009BD5F5 /* Hotel.m */,
				A1EADD961BA71D2F00CC1A47 /* BeerList.h */,
				A1EADD971BA71D2F00CC1A47 /* BeerList.m */,
			);
			name = Model;
			sourceTree = "<group>";
		};
		A1B004041BA32FF1007B2326 /* Controllers */ = {
			isa = PBXGroup;
			children = (
				A1DE8DBD1BA2B801001AAFCC /* AlphaViewController.h */,
				A1DE8DBE1BA2B801001AAFCC /* AlphaViewController.m */,
				A1B003FA1BA2FF2F007B2326 /* EuroConverterViewController.h */,
				A1B003FB1BA2FF2F007B2326 /* EuroConverterViewController.m */,
			);
			name = Controllers;
			sourceTree = "<group>";
		};
		A1B004051BA3300B007B2326 /* Resources */ = {
			isa = PBXGroup;
			children = (
				A1B003F31BA2BF01007B2326 /* beers.jpeg */,
				A1B003F51BA2C70B007B2326 /* lolazo.jpg */,
			);
			name = Resources;
			sourceTree = "<group>";
		};
		A1DE8DAA1BA2B801001AAFCC = {
			isa = PBXGroup;
			children = (
				A1DE8DB51BA2B801001AAFCC /* Beers */,
				A1DE8DCF1BA2B801001AAFCC /* BeersTests */,
				A1DE8DB41BA2B801001AAFCC /* Products */,
			);
			sourceTree = "<group>";
		};
		A1DE8DB41BA2B801001AAFCC /* Products */ = {
			isa = PBXGroup;
			children = (
				A1DE8DB31BA2B801001AAFCC /* Beers.app */,
				A1DE8DCC1BA2B801001AAFCC /* BeersTests.xctest */,
			);
			name = Products;
			sourceTree = "<group>";
		};
		A1DE8DB51BA2B801001AAFCC /* Beers */ = {
			isa = PBXGroup;
			children = (
				A1DE8DBA1BA2B801001AAFCC /* AppDelegate.h */,
				A1DE8DBB1BA2B801001AAFCC /* AppDelegate.m */,
				A1B004041BA32FF1007B2326 /* Controllers */,
				A1B004031BA32FE5007B2326 /* Model */,
				A1B004051BA3300B007B2326 /* Resources */,
				A1DE8DC01BA2B801001AAFCC /* Main.storyboard */,
				A1DE8DC31BA2B801001AAFCC /* Images.xcassets */,
				A1DE8DC51BA2B801001AAFCC /* LaunchScreen.xib */,
				A1DE8DB61BA2B801001AAFCC /* Supporting Files */,
			);
			path = Beers;
			sourceTree = "<group>";
		};
		A1DE8DB61BA2B801001AAFCC /* Supporting Files */ = {
			isa = PBXGroup;
			children = (
				A1DE8DB71BA2B801001AAFCC /* Info.plist */,
				A1DE8DB81BA2B801001AAFCC /* main.m */,
			);
			name = "Supporting Files";
			sourceTree = "<group>";
		};
		A1DE8DCF1BA2B801001AAFCC /* BeersTests */ = {
			isa = PBXGroup;
			children = (
				A1DE8DD21BA2B801001AAFCC /* BeersTests.m */,
				A1B004061BA33380007B2326 /* PersonTests.m */,
				A1E82FEF1BA70B3F009BD5F5 /* BeerListTests.m */,
				A1E82FF01BA70B3F009BD5F5 /* HotelTests.m */,
				A1DE8DD01BA2B801001AAFCC /* Supporting Files */,
			);
			path = BeersTests;
			sourceTree = "<group>";
		};
		A1DE8DD01BA2B801001AAFCC /* Supporting Files */ = {
			isa = PBXGroup;
			children = (
				A1DE8DD11BA2B801001AAFCC /* Info.plist */,
			);
			name = "Supporting Files";
			sourceTree = "<group>";
		};
/* End PBXGroup section */

/* Begin PBXNativeTarget section */
		A1DE8DB21BA2B801001AAFCC /* Beers */ = {
			isa = PBXNativeTarget;
			buildConfigurationList = A1DE8DD61BA2B801001AAFCC /* Build configuration list for PBXNativeTarget "Beers" */;
			buildPhases = (
				A1DE8DAF1BA2B801001AAFCC /* Sources */,
				A1DE8DB01BA2B801001AAFCC /* Frameworks */,
				A1DE8DB11BA2B801001AAFCC /* Resources */,
			);
			buildRules = (
			);
			dependencies = (
			);
			name = Beers;
			productName = Beers;
			productReference = A1DE8DB31BA2B801001AAFCC /* Beers.app */;
			productType = "com.apple.product-type.application";
		};
		A1DE8DCB1BA2B801001AAFCC /* BeersTests */ = {
			isa = PBXNativeTarget;
			buildConfigurationList = A1DE8DD91BA2B801001AAFCC /* Build configuration list for PBXNativeTarget "BeersTests" */;
			buildPhases = (
				A1DE8DC81BA2B801001AAFCC /* Sources */,
				A1DE8DC91BA2B801001AAFCC /* Frameworks */,
				A1DE8DCA1BA2B801001AAFCC /* Resources */,
			);
			buildRules = (
			);
			dependencies = (
				A1DE8DCE1BA2B801001AAFCC /* PBXTargetDependency */,
			);
			name = BeersTests;
			productName = BeersTests;
			productReference = A1DE8DCC1BA2B801001AAFCC /* BeersTests.xctest */;
			productType = "com.apple.product-type.bundle.unit-test";
		};
/* End PBXNativeTarget section */

/* Begin PBXProject section */
		A1DE8DAB1BA2B801001AAFCC /* Project object */ = {
			isa = PBXProject;
			attributes = {
				LastUpgradeCheck = 0640;
				ORGANIZATIONNAME = Fran;
				TargetAttributes = {
					A1DE8DB21BA2B801001AAFCC = {
						CreatedOnToolsVersion = 6.4;
					};
					A1DE8DCB1BA2B801001AAFCC = {
						CreatedOnToolsVersion = 6.4;
						TestTargetID = A1DE8DB21BA2B801001AAFCC;
					};
				};
			};
			buildConfigurationList = A1DE8DAE1BA2B801001AAFCC /* Build configuration list for PBXProject "Beers" */;
			compatibilityVersion = "Xcode 3.2";
			developmentRegion = English;
			hasScannedForEncodings = 0;
			knownRegions = (
				en,
				Base,
			);
			mainGroup = A1DE8DAA1BA2B801001AAFCC;
			productRefGroup = A1DE8DB41BA2B801001AAFCC /* Products */;
			projectDirPath = "";
			projectRoot = "";
			targets = (
				A1DE8DB21BA2B801001AAFCC /* Beers */,
				A1DE8DCB1BA2B801001AAFCC /* BeersTests */,
			);
		};
/* End PBXProject section */

/* Begin PBXResourcesBuildPhase section */
		A1DE8DB11BA2B801001AAFCC /* Resources */ = {
			isa = PBXResourcesBuildPhase;
			buildActionMask = 2147483647;
			files = (
				A1DE8DC21BA2B801001AAFCC /* Main.storyboard in Resources */,
				A1DE8DC71BA2B801001AAFCC /* LaunchScreen.xib in Resources */,
				A1B003F61BA2C70B007B2326 /* lolazo.jpg in Resources */,
				A1DE8DC41BA2B801001AAFCC /* Images.xcassets in Resources */,
				A1B003F41BA2BF01007B2326 /* beers.jpeg in Resources */,
			);
			runOnlyForDeploymentPostprocessing = 0;
		};
		A1DE8DCA1BA2B801001AAFCC /* Resources */ = {
			isa = PBXResourcesBuildPhase;
			buildActionMask = 2147483647;
			files = (
			);
			runOnlyForDeploymentPostprocessing = 0;
		};
/* End PBXResourcesBuildPhase section */

/* Begin PBXSourcesBuildPhase section */
		A1DE8DAF1BA2B801001AAFCC /* Sources */ = {
			isa = PBXSourcesBuildPhase;
			buildActionMask = 2147483647;
			files = (
				A1DE8DBF1BA2B801001AAFCC /* AlphaViewController.m in Sources */,
				A1B003F91BA2EAEC007B2326 /* EuroConverter.m in Sources */,
				A1B004021BA3144B007B2326 /* Person.m in Sources */,
				A1DE8DBC1BA2B801001AAFCC /* AppDelegate.m in Sources */,
				A1B003FF1BA30E9E007B2326 /* Beer.m in Sources */,
				A1DE8DB91BA2B801001AAFCC /* main.m in Sources */,
				A1E82FEE1BA70B0D009BD5F5 /* Hotel.m in Sources */,
				A1EADD981BA71D2F00CC1A47 /* BeerList.m in Sources */,
				A1B003FC1BA2FF2F007B2326 /* EuroConverterViewController.m in Sources */,
			);
			runOnlyForDeploymentPostprocessing = 0;
		};
		A1DE8DC81BA2B801001AAFCC /* Sources */ = {
			isa = PBXSourcesBuildPhase;
			buildActionMask = 2147483647;
			files = (
				A1E82FF11BA70B3F009BD5F5 /* BeerListTests.m in Sources */,
				A1B004071BA33380007B2326 /* PersonTests.m in Sources */,
				A1E82FF21BA70B3F009BD5F5 /* HotelTests.m in Sources */,
				A1DE8DD31BA2B801001AAFCC /* BeersTests.m in Sources */,
			);
			runOnlyForDeploymentPostprocessing = 0;
		};
/* End PBXSourcesBuildPhase section */

/* Begin PBXTargetDependency section */
		A1DE8DCE1BA2B801001AAFCC /* PBXTargetDependency */ = {
			isa = PBXTargetDependency;
			target = A1DE8DB21BA2B801001AAFCC /* Beers */;
			targetProxy = A1DE8DCD1BA2B801001AAFCC /* PBXContainerItemProxy */;
		};
/* End PBXTargetDependency section */

/* Begin PBXVariantGroup section */
		A1DE8DC01BA2B801001AAFCC /* Main.storyboard */ = {
			isa = PBXVariantGroup;
			children = (
				A1DE8DC11BA2B801001AAFCC /* Base */,
			);
			name = Main.storyboard;
			sourceTree = "<group>";
		};
		A1DE8DC51BA2B801001AAFCC /* LaunchScreen.xib */ = {
			isa = PBXVariantGroup;
			children = (
				A1DE8DC61BA2B801001AAFCC /* Base */,
			);
			name = LaunchScreen.xib;
			sourceTree = "<group>";
		};
/* End PBXVariantGroup section */

/* Begin XCBuildConfiguration section */
		A1DE8DD41BA2B801001AAFCC /* Debug */ = {
			isa = XCBuildConfiguration;
			buildSettings = {
				ALWAYS_SEARCH_USER_PATHS = NO;
				CLANG_CXX_LANGUAGE_STANDARD = "gnu++0x";
				CLANG_CXX_LIBRARY = "libc++";
				CLANG_ENABLE_MODULES = YES;
				CLANG_ENABLE_OBJC_ARC = YES;
				CLANG_WARN_BOOL_CONVERSION = YES;
				CLANG_WARN_CONSTANT_CONVERSION = YES;
				CLANG_WARN_DIRECT_OBJC_ISA_USAGE = YES_ERROR;
				CLANG_WARN_EMPTY_BODY = YES;
				CLANG_WARN_ENUM_CONVERSION = YES;
				CLANG_WARN_INT_CONVERSION = YES;
				CLANG_WARN_OBJC_ROOT_CLASS = YES_ERROR;
				CLANG_WARN_UNREACHABLE_CODE = YES;
				CLANG_WARN__DUPLICATE_METHOD_MATCH = YES;
				"CODE_SIGN_IDENTITY[sdk=iphoneos*]" = "iPhone Developer";
				COPY_PHASE_STRIP = NO;
				DEBUG_INFORMATION_FORMAT = "dwarf-with-dsym";
				ENABLE_STRICT_OBJC_MSGSEND = YES;
				GCC_C_LANGUAGE_STANDARD = gnu99;
				GCC_DYNAMIC_NO_PIC = NO;
				GCC_NO_COMMON_BLOCKS = YES;
				GCC_OPTIMIZATION_LEVEL = 0;
				GCC_PREPROCESSOR_DEFINITIONS = (
					"DEBUG=1",
					"$(inherited)",
				);
				GCC_SYMBOLS_PRIVATE_EXTERN = NO;
				GCC_WARN_64_TO_32_BIT_CONVERSION = YES;
				GCC_WARN_ABOUT_RETURN_TYPE = YES_ERROR;
				GCC_WARN_UNDECLARED_SELECTOR = YES;
				GCC_WARN_UNINITIALIZED_AUTOS = YES_AGGRESSIVE;
				GCC_WARN_UNUSED_FUNCTION = YES;
				GCC_WARN_UNUSED_VARIABLE = YES;
				IPHONEOS_DEPLOYMENT_TARGET = 8.4;
				MTL_ENABLE_DEBUG_INFO = YES;
				ONLY_ACTIVE_ARCH = YES;
				SDKROOT = iphoneos;
				TARGETED_DEVICE_FAMILY = "1,2";
			};
			name = Debug;
		};
		A1DE8DD51BA2B801001AAFCC /* Release */ = {
			isa = XCBuildConfiguration;
			buildSettings = {
				ALWAYS_SEARCH_USER_PATHS = NO;
				CLANG_CXX_LANGUAGE_STANDARD = "gnu++0x";
				CLANG_CXX_LIBRARY = "libc++";
				CLANG_ENABLE_MODULES = YES;
				CLANG_ENABLE_OBJC_ARC = YES;
				CLANG_WARN_BOOL_CONVERSION = YES;
				CLANG_WARN_CONSTANT_CONVERSION = YES;
				CLANG_WARN_DIRECT_OBJC_ISA_USAGE = YES_ERROR;
				CLANG_WARN_EMPTY_BODY = YES;
				CLANG_WARN_ENUM_CONVERSION = YES;
				CLANG_WARN_INT_CONVERSION = YES;
				CLANG_WARN_OBJC_ROOT_CLASS = YES_ERROR;
				CLANG_WARN_UNREACHABLE_CODE = YES;
				CLANG_WARN__DUPLICATE_METHOD_MATCH = YES;
				"CODE_SIGN_IDENTITY[sdk=iphoneos*]" = "iPhone Developer";
				COPY_PHASE_STRIP = NO;
				DEBUG_INFORMATION_FORMAT = "dwarf-with-dsym";
				ENABLE_NS_ASSERTIONS = NO;
				ENABLE_STRICT_OBJC_MSGSEND = YES;
				GCC_C_LANGUAGE_STANDARD = gnu99;
				GCC_NO_COMMON_BLOCKS = YES;
				GCC_WARN_64_TO_32_BIT_CONVERSION = YES;
				GCC_WARN_ABOUT_RETURN_TYPE = YES_ERROR;
				GCC_WARN_UNDECLARED_SELECTOR = YES;
				GCC_WARN_UNINITIALIZED_AUTOS = YES_AGGRESSIVE;
				GCC_WARN_UNUSED_FUNCTION = YES;
				GCC_WARN_UNUSED_VARIABLE = YES;
				IPHONEOS_DEPLOYMENT_TARGET = 8.4;
				MTL_ENABLE_DEBUG_INFO = NO;
				SDKROOT = iphoneos;
				TARGETED_DEVICE_FAMILY = "1,2";
				VALIDATE_PRODUCT = YES;
			};
			name = Release;
		};
		A1DE8DD71BA2B801001AAFCC /* Debug */ = {
			isa = XCBuildConfiguration;
			buildSettings = {
				ASSETCATALOG_COMPILER_APPICON_NAME = AppIcon;
				INFOPLIST_FILE = Beers/Info.plist;
				LD_RUNPATH_SEARCH_PATHS = "$(inherited) @executable_path/Frameworks";
				PRODUCT_NAME = "$(TARGET_NAME)";
			};
			name = Debug;
		};
		A1DE8DD81BA2B801001AAFCC /* Release */ = {
			isa = XCBuildConfiguration;
			buildSettings = {
				ASSETCATALOG_COMPILER_APPICON_NAME = AppIcon;
				INFOPLIST_FILE = Beers/Info.plist;
				LD_RUNPATH_SEARCH_PATHS = "$(inherited) @executable_path/Frameworks";
				PRODUCT_NAME = "$(TARGET_NAME)";
			};
			name = Release;
		};
		A1DE8DDA1BA2B801001AAFCC /* Debug */ = {
			isa = XCBuildConfiguration;
			buildSettings = {
				BUNDLE_LOADER = "$(TEST_HOST)";
				FRAMEWORK_SEARCH_PATHS = (
					"$(SDKROOT)/Developer/Library/Frameworks",
					"$(inherited)",
				);
				GCC_PREPROCESSOR_DEFINITIONS = (
					"DEBUG=1",
					"$(inherited)",
				);
				INFOPLIST_FILE = BeersTests/Info.plist;
				LD_RUNPATH_SEARCH_PATHS = "$(inherited) @executable_path/Frameworks @loader_path/Frameworks";
				PRODUCT_NAME = "$(TARGET_NAME)";
				TEST_HOST = "$(BUILT_PRODUCTS_DIR)/Beers.app/Beers";
			};
			name = Debug;
		};
		A1DE8DDB1BA2B801001AAFCC /* Release */ = {
			isa = XCBuildConfiguration;
			buildSettings = {
				BUNDLE_LOADER = "$(TEST_HOST)";
				FRAMEWORK_SEARCH_PATHS = (
					"$(SDKROOT)/Developer/Library/Frameworks",
					"$(inherited)",
				);
				INFOPLIST_FILE = BeersTests/Info.plist;
				LD_RUNPATH_SEARCH_PATHS = "$(inherited) @executable_path/Frameworks @loader_path/Frameworks";
				PRODUCT_NAME = "$(TARGET_NAME)";
				TEST_HOST = "$(BUILT_PRODUCTS_DIR)/Beers.app/Beers";
			};
			name = Release;
		};
/* End XCBuildConfiguration section */

/* Begin XCConfigurationList section */
		A1DE8DAE1BA2B801001AAFCC /* Build configuration list for PBXProject "Beers" */ = {
			isa = XCConfigurationList;
			buildConfigurations = (
				A1DE8DD41BA2B801001AAFCC /* Debug */,
				A1DE8DD51BA2B801001AAFCC /* Release */,
			);
			defaultConfigurationIsVisible = 0;
			defaultConfigurationName = Release;
		};
		A1DE8DD61BA2B801001AAFCC /* Build configuration list for PBXNativeTarget "Beers" */ = {
			isa = XCConfigurationList;
			buildConfigurations = (
				A1DE8DD71BA2B801001AAFCC /* Debug */,
				A1DE8DD81BA2B801001AAFCC /* Release */,
			);
			defaultConfigurationIsVisible = 0;
			defaultConfigurationName = Release;
		};
		A1DE8DD91BA2B801001AAFCC /* Build configuration list for PBXNativeTarget "BeersTests" */ = {
			isa = XCConfigurationList;
			buildConfigurations = (
				A1DE8DDA1BA2B801001AAFCC /* Debug */,
				A1DE8DDB1BA2B801001AAFCC /* Release */,
			);
			defaultConfigurationIsVisible = 0;
			defaultConfigurationName = Release;
		};
/* End XCConfigurationList section */
	};
	rootObject = A1DE8DAB1BA2B801001AAFCC /* Project object */;
}
