// !$*UTF8*$!
{
	archiveVersion = 1;
	classes = {
	};
	objectVersion = 46;
	objects = {

/* Begin PBXBuildFile section */
		A18371931BA82BE50080B052 /* main.m in Sources */ = {isa = PBXBuildFile; fileRef = A18371921BA82BE50080B052 /* main.m */; };
		A18371961BA82BE50080B052 /* AppDelegate.m in Sources */ = {isa = PBXBuildFile; fileRef = A18371951BA82BE50080B052 /* AppDelegate.m */; };
		A18371991BA82BE50080B052 /* FirstViewController.m in Sources */ = {isa = PBXBuildFile; fileRef = A18371981BA82BE50080B052 /* FirstViewController.m */; };
		A183719C1BA82BE50080B052 /* Main.storyboard in Resources */ = {isa = PBXBuildFile; fileRef = A183719A1BA82BE50080B052 /* Main.storyboard */; };
		A183719E1BA82BE50080B052 /* Images.xcassets in Resources */ = {isa = PBXBuildFile; fileRef = A183719D1BA82BE50080B052 /* Images.xcassets */; };
		A18371A11BA82BE50080B052 /* LaunchScreen.xib in Resources */ = {isa = PBXBuildFile; fileRef = A183719F1BA82BE50080B052 /* LaunchScreen.xib */; };
		A18371AD1BA82BE50080B052 /* UISplitViewControllerTests.m in Sources */ = {isa = PBXBuildFile; fileRef = A18371AC1BA82BE50080B052 /* UISplitViewControllerTests.m */; };
		A18371B81BA82C6B0080B052 /* SecondViewController.m in Sources */ = {isa = PBXBuildFile; fileRef = A18371B71BA82C6B0080B052 /* SecondViewController.m */; };
/* End PBXBuildFile section */

/* Begin PBXContainerItemProxy section */
		A18371A71BA82BE50080B052 /* PBXContainerItemProxy */ = {
			isa = PBXContainerItemProxy;
			containerPortal = A18371851BA82BE50080B052 /* Project object */;
			proxyType = 1;
			remoteGlobalIDString = A183718C1BA82BE50080B052;
			remoteInfo = UISplitViewController;
		};
/* End PBXContainerItemProxy section */

/* Begin PBXFileReference section */
		A183718D1BA82BE50080B052 /* UISplitViewController.app */ = {isa = PBXFileReference; explicitFileType = wrapper.application; includeInIndex = 0; path = UISplitViewController.app; sourceTree = BUILT_PRODUCTS_DIR; };
		A18371911BA82BE50080B052 /* Info.plist */ = {isa = PBXFileReference; lastKnownFileType = text.plist.xml; path = Info.plist; sourceTree = "<group>"; };
		A18371921BA82BE50080B052 /* main.m */ = {isa = PBXFileReference; lastKnownFileType = sourcecode.c.objc; path = main.m; sourceTree = "<group>"; };
		A18371941BA82BE50080B052 /* AppDelegate.h */ = {isa = PBXFileReference; lastKnownFileType = sourcecode.c.h; path = AppDelegate.h; sourceTree = "<group>"; };
		A18371951BA82BE50080B052 /* AppDelegate.m */ = {isa = PBXFileReference; lastKnownFileType = sourcecode.c.objc; path = AppDelegate.m; sourceTree = "<group>"; };
		A18371971BA82BE50080B052 /* FirstViewController.h */ = {isa = PBXFileReference; lastKnownFileType = sourcecode.c.h; path = FirstViewController.h; sourceTree = "<group>"; };
		A18371981BA82BE50080B052 /* FirstViewController.m */ = {isa = PBXFileReference; lastKnownFileType = sourcecode.c.objc; path = FirstViewController.m; sourceTree = "<group>"; };
		A183719B1BA82BE50080B052 /* Base */ = {isa = PBXFileReference; lastKnownFileType = file.storyboard; name = Base; path = Base.lproj/Main.storyboard; sourceTree = "<group>"; };
		A183719D1BA82BE50080B052 /* Images.xcassets */ = {isa = PBXFileReference; lastKnownFileType = folder.assetcatalog; path = Images.xcassets; sourceTree = "<group>"; };
		A18371A01BA82BE50080B052 /* Base */ = {isa = PBXFileReference; lastKnownFileType = file.xib; name = Base; path = Base.lproj/LaunchScreen.xib; sourceTree = "<group>"; };
		A18371A61BA82BE50080B052 /* UISplitViewControllerTests.xctest */ = {isa = PBXFileReference; explicitFileType = wrapper.cfbundle; includeInIndex = 0; path = UISplitViewControllerTests.xctest; sourceTree = BUILT_PRODUCTS_DIR; };
		A18371AB1BA82BE50080B052 /* Info.plist */ = {isa = PBXFileReference; lastKnownFileType = text.plist.xml; path = Info.plist; sourceTree = "<group>"; };
		A18371AC1BA82BE50080B052 /* UISplitViewControllerTests.m */ = {isa = PBXFileReference; lastKnownFileType = sourcecode.c.objc; path = UISplitViewControllerTests.m; sourceTree = "<group>"; };
		A18371B61BA82C6B0080B052 /* SecondViewController.h */ = {isa = PBXFileReference; fileEncoding = 4; lastKnownFileType = sourcecode.c.h; path = SecondViewController.h; sourceTree = "<group>"; };
		A18371B71BA82C6B0080B052 /* SecondViewController.m */ = {isa = PBXFileReference; fileEncoding = 4; lastKnownFileType = sourcecode.c.objc; path = SecondViewController.m; sourceTree = "<group>"; };
/* End PBXFileReference section */

/* Begin PBXFrameworksBuildPhase section */
		A183718A1BA82BE50080B052 /* Frameworks */ = {
			isa = PBXFrameworksBuildPhase;
			buildActionMask = 2147483647;
			files = (
			);
			runOnlyForDeploymentPostprocessing = 0;
		};
		A18371A31BA82BE50080B052 /* Frameworks */ = {
			isa = PBXFrameworksBuildPhase;
			buildActionMask = 2147483647;
			files = (
			);
			runOnlyForDeploymentPostprocessing = 0;
		};
/* End PBXFrameworksBuildPhase section */

/* Begin PBXGroup section */
		A18371841BA82BE50080B052 = {
			isa = PBXGroup;
			children = (
				A183718F1BA82BE50080B052 /* UISplitViewController */,
				A18371A91BA82BE50080B052 /* UISplitViewControllerTests */,
				A183718E1BA82BE50080B052 /* Products */,
			);
			sourceTree = "<group>";
		};
		A183718E1BA82BE50080B052 /* Products */ = {
			isa = PBXGroup;
			children = (
				A183718D1BA82BE50080B052 /* UISplitViewController.app */,
				A18371A61BA82BE50080B052 /* UISplitViewControllerTests.xctest */,
			);
			name = Products;
			sourceTree = "<group>";
		};
		A183718F1BA82BE50080B052 /* UISplitViewController */ = {
			isa = PBXGroup;
			children = (
				A18371941BA82BE50080B052 /* AppDelegate.h */,
				A18371951BA82BE50080B052 /* AppDelegate.m */,
				A18371971BA82BE50080B052 /* FirstViewController.h */,
				A18371981BA82BE50080B052 /* FirstViewController.m */,
				A18371B61BA82C6B0080B052 /* SecondViewController.h */,
				A18371B71BA82C6B0080B052 /* SecondViewController.m */,
				A183719A1BA82BE50080B052 /* Main.storyboard */,
				A183719D1BA82BE50080B052 /* Images.xcassets */,
				A183719F1BA82BE50080B052 /* LaunchScreen.xib */,
				A18371901BA82BE50080B052 /* Supporting Files */,
			);
			path = UISplitViewController;
			sourceTree = "<group>";
		};
		A18371901BA82BE50080B052 /* Supporting Files */ = {
			isa = PBXGroup;
			children = (
				A18371911BA82BE50080B052 /* Info.plist */,
				A18371921BA82BE50080B052 /* main.m */,
			);
			name = "Supporting Files";
			sourceTree = "<group>";
		};
		A18371A91BA82BE50080B052 /* UISplitViewControllerTests */ = {
			isa = PBXGroup;
			children = (
				A18371AC1BA82BE50080B052 /* UISplitViewControllerTests.m */,
				A18371AA1BA82BE50080B052 /* Supporting Files */,
			);
			path = UISplitViewControllerTests;
			sourceTree = "<group>";
		};
		A18371AA1BA82BE50080B052 /* Supporting Files */ = {
			isa = PBXGroup;
			children = (
				A18371AB1BA82BE50080B052 /* Info.plist */,
			);
			name = "Supporting Files";
			sourceTree = "<group>";
		};
/* End PBXGroup section */

/* Begin PBXNativeTarget section */
		A183718C1BA82BE50080B052 /* UISplitViewController */ = {
			isa = PBXNativeTarget;
			buildConfigurationList = A18371B01BA82BE50080B052 /* Build configuration list for PBXNativeTarget "UISplitViewController" */;
			buildPhases = (
				A18371891BA82BE50080B052 /* Sources */,
				A183718A1BA82BE50080B052 /* Frameworks */,
				A183718B1BA82BE50080B052 /* Resources */,
			);
			buildRules = (
			);
			dependencies = (
			);
			name = UISplitViewController;
			productName = UISplitViewController;
			productReference = A183718D1BA82BE50080B052 /* UISplitViewController.app */;
			productType = "com.apple.product-type.application";
		};
		A18371A51BA82BE50080B052 /* UISplitViewControllerTests */ = {
			isa = PBXNativeTarget;
			buildConfigurationList = A18371B31BA82BE50080B052 /* Build configuration list for PBXNativeTarget "UISplitViewControllerTests" */;
			buildPhases = (
				A18371A21BA82BE50080B052 /* Sources */,
				A18371A31BA82BE50080B052 /* Frameworks */,
				A18371A41BA82BE50080B052 /* Resources */,
			);
			buildRules = (
			);
			dependencies = (
				A18371A81BA82BE50080B052 /* PBXTargetDependency */,
			);
			name = UISplitViewControllerTests;
			productName = UISplitViewControllerTests;
			productReference = A18371A61BA82BE50080B052 /* UISplitViewControllerTests.xctest */;
			productType = "com.apple.product-type.bundle.unit-test";
		};
/* End PBXNativeTarget section */

/* Begin PBXProject section */
		A18371851BA82BE50080B052 /* Project object */ = {
			isa = PBXProject;
			attributes = {
				LastUpgradeCheck = 0640;
				ORGANIZATIONNAME = Fran;
				TargetAttributes = {
					A183718C1BA82BE50080B052 = {
						CreatedOnToolsVersion = 6.4;
					};
					A18371A51BA82BE50080B052 = {
						CreatedOnToolsVersion = 6.4;
						TestTargetID = A183718C1BA82BE50080B052;
					};
				};
			};
			buildConfigurationList = A18371881BA82BE50080B052 /* Build configuration list for PBXProject "UISplitViewController" */;
			compatibilityVersion = "Xcode 3.2";
			developmentRegion = English;
			hasScannedForEncodings = 0;
			knownRegions = (
				en,
				Base,
			);
			mainGroup = A18371841BA82BE50080B052;
			productRefGroup = A183718E1BA82BE50080B052 /* Products */;
			projectDirPath = "";
			projectRoot = "";
			targets = (
				A183718C1BA82BE50080B052 /* UISplitViewController */,
				A18371A51BA82BE50080B052 /* UISplitViewControllerTests */,
			);
		};
/* End PBXProject section */

/* Begin PBXResourcesBuildPhase section */
		A183718B1BA82BE50080B052 /* Resources */ = {
			isa = PBXResourcesBuildPhase;
			buildActionMask = 2147483647;
			files = (
				A183719C1BA82BE50080B052 /* Main.storyboard in Resources */,
				A18371A11BA82BE50080B052 /* LaunchScreen.xib in Resources */,
				A183719E1BA82BE50080B052 /* Images.xcassets in Resources */,
			);
			runOnlyForDeploymentPostprocessing = 0;
		};
		A18371A41BA82BE50080B052 /* Resources */ = {
			isa = PBXResourcesBuildPhase;
			buildActionMask = 2147483647;
			files = (
			);
			runOnlyForDeploymentPostprocessing = 0;
		};
/* End PBXResourcesBuildPhase section */

/* Begin PBXSourcesBuildPhase section */
		A18371891BA82BE50080B052 /* Sources */ = {
			isa = PBXSourcesBuildPhase;
			buildActionMask = 2147483647;
			files = (
				A18371B81BA82C6B0080B052 /* SecondViewController.m in Sources */,
				A18371991BA82BE50080B052 /* FirstViewController.m in Sources */,
				A18371961BA82BE50080B052 /* AppDelegate.m in Sources */,
				A18371931BA82BE50080B052 /* main.m in Sources */,
			);
			runOnlyForDeploymentPostprocessing = 0;
		};
		A18371A21BA82BE50080B052 /* Sources */ = {
			isa = PBXSourcesBuildPhase;
			buildActionMask = 2147483647;
			files = (
				A18371AD1BA82BE50080B052 /* UISplitViewControllerTests.m in Sources */,
			);
			runOnlyForDeploymentPostprocessing = 0;
		};
/* End PBXSourcesBuildPhase section */

/* Begin PBXTargetDependency section */
		A18371A81BA82BE50080B052 /* PBXTargetDependency */ = {
			isa = PBXTargetDependency;
			target = A183718C1BA82BE50080B052 /* UISplitViewController */;
			targetProxy = A18371A71BA82BE50080B052 /* PBXContainerItemProxy */;
		};
/* End PBXTargetDependency section */

/* Begin PBXVariantGroup section */
		A183719A1BA82BE50080B052 /* Main.storyboard */ = {
			isa = PBXVariantGroup;
			children = (
				A183719B1BA82BE50080B052 /* Base */,
			);
			name = Main.storyboard;
			sourceTree = "<group>";
		};
		A183719F1BA82BE50080B052 /* LaunchScreen.xib */ = {
			isa = PBXVariantGroup;
			children = (
				A18371A01BA82BE50080B052 /* Base */,
			);
			name = LaunchScreen.xib;
			sourceTree = "<group>";
		};
/* End PBXVariantGroup section */

/* Begin XCBuildConfiguration section */
		A18371AE1BA82BE50080B052 /* Debug */ = {
			isa = XCBuildConfiguration;
			buildSettings = {
				ALWAYS_SEARCH_USER_PATHS = NO;
				CLANG_CXX_LANGUAGE_STANDARD = "gnu++0x";
				CLANG_CXX_LIBRARY = "libc++";
				CLANG_ENABLE_MODULES = YES;
				CLANG_ENABLE_OBJC_ARC = YES;
				CLANG_WARN_BOOL_CONVERSION = YES;
				CLANG_WARN_CONSTANT_CONVERSION = YES;
				CLANG_WARN_DIRECT_OBJC_ISA_USAGE = YES_ERROR;
				CLANG_WARN_EMPTY_BODY = YES;
				CLANG_WARN_ENUM_CONVERSION = YES;
				CLANG_WARN_INT_CONVERSION = YES;
				CLANG_WARN_OBJC_ROOT_CLASS = YES_ERROR;
				CLANG_WARN_UNREACHABLE_CODE = YES;
				CLANG_WARN__DUPLICATE_METHOD_MATCH = YES;
				"CODE_SIGN_IDENTITY[sdk=iphoneos*]" = "iPhone Developer";
				COPY_PHASE_STRIP = NO;
				DEBUG_INFORMATION_FORMAT = "dwarf-with-dsym";
				ENABLE_STRICT_OBJC_MSGSEND = YES;
				GCC_C_LANGUAGE_STANDARD = gnu99;
				GCC_DYNAMIC_NO_PIC = NO;
				GCC_NO_COMMON_BLOCKS = YES;
				GCC_OPTIMIZATION_LEVEL = 0;
				GCC_PREPROCESSOR_DEFINITIONS = (
					"DEBUG=1",
					"$(inherited)",
				);
				GCC_SYMBOLS_PRIVATE_EXTERN = NO;
				GCC_WARN_64_TO_32_BIT_CONVERSION = YES;
				GCC_WARN_ABOUT_RETURN_TYPE = YES_ERROR;
				GCC_WARN_UNDECLARED_SELECTOR = YES;
				GCC_WARN_UNINITIALIZED_AUTOS = YES_AGGRESSIVE;
				GCC_WARN_UNUSED_FUNCTION = YES;
				GCC_WARN_UNUSED_VARIABLE = YES;
				IPHONEOS_DEPLOYMENT_TARGET = 8.4;
				MTL_ENABLE_DEBUG_INFO = YES;
				ONLY_ACTIVE_ARCH = YES;
				SDKROOT = iphoneos;
				TARGETED_DEVICE_FAMILY = 2;
			};
			name = Debug;
		};
		A18371AF1BA82BE50080B052 /* Release */ = {
			isa = XCBuildConfiguration;
			buildSettings = {
				ALWAYS_SEARCH_USER_PATHS = NO;
				CLANG_CXX_LANGUAGE_STANDARD = "gnu++0x";
				CLANG_CXX_LIBRARY = "libc++";
				CLANG_ENABLE_MODULES = YES;
				CLANG_ENABLE_OBJC_ARC = YES;
				CLANG_WARN_BOOL_CONVERSION = YES;
				CLANG_WARN_CONSTANT_CONVERSION = YES;
				CLANG_WARN_DIRECT_OBJC_ISA_USAGE = YES_ERROR;
				CLANG_WARN_EMPTY_BODY = YES;
				CLANG_WARN_ENUM_CONVERSION = YES;
				CLANG_WARN_INT_CONVERSION = YES;
				CLANG_WARN_OBJC_ROOT_CLASS = YES_ERROR;
				CLANG_WARN_UNREACHABLE_CODE = YES;
				CLANG_WARN__DUPLICATE_METHOD_MATCH = YES;
				"CODE_SIGN_IDENTITY[sdk=iphoneos*]" = "iPhone Developer";
				COPY_PHASE_STRIP = NO;
				DEBUG_INFORMATION_FORMAT = "dwarf-with-dsym";
				ENABLE_NS_ASSERTIONS = NO;
				ENABLE_STRICT_OBJC_MSGSEND = YES;
				GCC_C_LANGUAGE_STANDARD = gnu99;
				GCC_NO_COMMON_BLOCKS = YES;
				GCC_WARN_64_TO_32_BIT_CONVERSION = YES;
				GCC_WARN_ABOUT_RETURN_TYPE = YES_ERROR;
				GCC_WARN_UNDECLARED_SELECTOR = YES;
				GCC_WARN_UNINITIALIZED_AUTOS = YES_AGGRESSIVE;
				GCC_WARN_UNUSED_FUNCTION = YES;
				GCC_WARN_UNUSED_VARIABLE = YES;
				IPHONEOS_DEPLOYMENT_TARGET = 8.4;
				MTL_ENABLE_DEBUG_INFO = NO;
				SDKROOT = iphoneos;
				TARGETED_DEVICE_FAMILY = 2;
				VALIDATE_PRODUCT = YES;
			};
			name = Release;
		};
		A18371B11BA82BE50080B052 /* Debug */ = {
			isa = XCBuildConfiguration;
			buildSettings = {
				ASSETCATALOG_COMPILER_APPICON_NAME = AppIcon;
				INFOPLIST_FILE = UISplitViewController/Info.plist;
				LD_RUNPATH_SEARCH_PATHS = "$(inherited) @executable_path/Frameworks";
				PRODUCT_NAME = "$(TARGET_NAME)";
			};
			name = Debug;
		};
		A18371B21BA82BE50080B052 /* Release */ = {
			isa = XCBuildConfiguration;
			buildSettings = {
				ASSETCATALOG_COMPILER_APPICON_NAME = AppIcon;
				INFOPLIST_FILE = UISplitViewController/Info.plist;
				LD_RUNPATH_SEARCH_PATHS = "$(inherited) @executable_path/Frameworks";
				PRODUCT_NAME = "$(TARGET_NAME)";
			};
			name = Release;
		};
		A18371B41BA82BE50080B052 /* Debug */ = {
			isa = XCBuildConfiguration;
			buildSettings = {
				BUNDLE_LOADER = "$(TEST_HOST)";
				FRAMEWORK_SEARCH_PATHS = (
					"$(SDKROOT)/Developer/Library/Frameworks",
					"$(inherited)",
				);
				GCC_PREPROCESSOR_DEFINITIONS = (
					"DEBUG=1",
					"$(inherited)",
				);
				INFOPLIST_FILE = UISplitViewControllerTests/Info.plist;
				LD_RUNPATH_SEARCH_PATHS = "$(inherited) @executable_path/Frameworks @loader_path/Frameworks";
				PRODUCT_NAME = "$(TARGET_NAME)";
				TEST_HOST = "$(BUILT_PRODUCTS_DIR)/UISplitViewController.app/UISplitViewController";
			};
			name = Debug;
		};
		A18371B51BA82BE50080B052 /* Release */ = {
			isa = XCBuildConfiguration;
			buildSettings = {
				BUNDLE_LOADER = "$(TEST_HOST)";
				FRAMEWORK_SEARCH_PATHS = (
					"$(SDKROOT)/Developer/Library/Frameworks",
					"$(inherited)",
				);
				INFOPLIST_FILE = UISplitViewControllerTests/Info.plist;
				LD_RUNPATH_SEARCH_PATHS = "$(inherited) @executable_path/Frameworks @loader_path/Frameworks";
				PRODUCT_NAME = "$(TARGET_NAME)";
				TEST_HOST = "$(BUILT_PRODUCTS_DIR)/UISplitViewController.app/UISplitViewController";
			};
			name = Release;
		};
/* End XCBuildConfiguration section */

/* Begin XCConfigurationList section */
		A18371881BA82BE50080B052 /* Build configuration list for PBXProject "UISplitViewController" */ = {
			isa = XCConfigurationList;
			buildConfigurations = (
				A18371AE1BA82BE50080B052 /* Debug */,
				A18371AF1BA82BE50080B052 /* Release */,
			);
			defaultConfigurationIsVisible = 0;
			defaultConfigurationName = Release;
		};
		A18371B01BA82BE50080B052 /* Build configuration list for PBXNativeTarget "UISplitViewController" */ = {
			isa = XCConfigurationList;
			buildConfigurations = (
				A18371B11BA82BE50080B052 /* Debug */,
				A18371B21BA82BE50080B052 /* Release */,
			);
			defaultConfigurationIsVisible = 0;
		};
		A18371B31BA82BE50080B052 /* Build configuration list for PBXNativeTarget "UISplitViewControllerTests" */ = {
			isa = XCConfigurationList;
			buildConfigurations = (
				A18371B41BA82BE50080B052 /* Debug */,
				A18371B51BA82BE50080B052 /* Release */,
			);
			defaultConfigurationIsVisible = 0;
		};
/* End XCConfigurationList section */
	};
	rootObject = A18371851BA82BE50080B052 /* Project object */;
}
