// !$*UTF8*$!
{
	archiveVersion = 1;
	classes = {
	};
	objectVersion = 46;
	objects = {

/* Begin PBXBuildFile section */
		A1C088B41BB02B31004EDBDD /* main.m in Sources */ = {isa = PBXBuildFile; fileRef = A1C088B31BB02B31004EDBDD /* main.m */; };
		A1C088B71BB02B31004EDBDD /* AppDelegate.m in Sources */ = {isa = PBXBuildFile; fileRef = A1C088B61BB02B31004EDBDD /* AppDelegate.m */; };
		A1C088BA1BB02B31004EDBDD /* ViewController.m in Sources */ = {isa = PBXBuildFile; fileRef = A1C088B91BB02B31004EDBDD /* ViewController.m */; };
		A1C088BD1BB02B31004EDBDD /* Main.storyboard in Resources */ = {isa = PBXBuildFile; fileRef = A1C088BB1BB02B31004EDBDD /* Main.storyboard */; };
		A1C088BF1BB02B31004EDBDD /* Images.xcassets in Resources */ = {isa = PBXBuildFile; fileRef = A1C088BE1BB02B31004EDBDD /* Images.xcassets */; };
		A1C088C21BB02B31004EDBDD /* LaunchScreen.xib in Resources */ = {isa = PBXBuildFile; fileRef = A1C088C01BB02B31004EDBDD /* LaunchScreen.xib */; };
		A1C088CE1BB02B32004EDBDD /* __TransformsPracticeTests.m in Sources */ = {isa = PBXBuildFile; fileRef = A1C088CD1BB02B32004EDBDD /* __TransformsPracticeTests.m */; };
/* End PBXBuildFile section */

/* Begin PBXContainerItemProxy section */
		A1C088C81BB02B32004EDBDD /* PBXContainerItemProxy */ = {
			isa = PBXContainerItemProxy;
			containerPortal = A1C088A61BB02B31004EDBDD /* Project object */;
			proxyType = 1;
			remoteGlobalIDString = A1C088AD1BB02B31004EDBDD;
			remoteInfo = 3_TransformsPractice;
		};
/* End PBXContainerItemProxy section */

/* Begin PBXFileReference section */
		A1C088AE1BB02B31004EDBDD /* 3_TransformsPractice.app */ = {isa = PBXFileReference; explicitFileType = wrapper.application; includeInIndex = 0; path = 3_TransformsPractice.app; sourceTree = BUILT_PRODUCTS_DIR; };
		A1C088B21BB02B31004EDBDD /* Info.plist */ = {isa = PBXFileReference; lastKnownFileType = text.plist.xml; path = Info.plist; sourceTree = "<group>"; };
		A1C088B31BB02B31004EDBDD /* main.m */ = {isa = PBXFileReference; lastKnownFileType = sourcecode.c.objc; path = main.m; sourceTree = "<group>"; };
		A1C088B51BB02B31004EDBDD /* AppDelegate.h */ = {isa = PBXFileReference; lastKnownFileType = sourcecode.c.h; path = AppDelegate.h; sourceTree = "<group>"; };
		A1C088B61BB02B31004EDBDD /* AppDelegate.m */ = {isa = PBXFileReference; lastKnownFileType = sourcecode.c.objc; path = AppDelegate.m; sourceTree = "<group>"; };
		A1C088B81BB02B31004EDBDD /* ViewController.h */ = {isa = PBXFileReference; lastKnownFileType = sourcecode.c.h; path = ViewController.h; sourceTree = "<group>"; };
		A1C088B91BB02B31004EDBDD /* ViewController.m */ = {isa = PBXFileReference; lastKnownFileType = sourcecode.c.objc; path = ViewController.m; sourceTree = "<group>"; };
		A1C088BC1BB02B31004EDBDD /* Base */ = {isa = PBXFileReference; lastKnownFileType = file.storyboard; name = Base; path = Base.lproj/Main.storyboard; sourceTree = "<group>"; };
		A1C088BE1BB02B31004EDBDD /* Images.xcassets */ = {isa = PBXFileReference; lastKnownFileType = folder.assetcatalog; path = Images.xcassets; sourceTree = "<group>"; };
		A1C088C11BB02B31004EDBDD /* Base */ = {isa = PBXFileReference; lastKnownFileType = file.xib; name = Base; path = Base.lproj/LaunchScreen.xib; sourceTree = "<group>"; };
		A1C088C71BB02B32004EDBDD /* 3_TransformsPracticeTests.xctest */ = {isa = PBXFileReference; explicitFileType = wrapper.cfbundle; includeInIndex = 0; path = 3_TransformsPracticeTests.xctest; sourceTree = BUILT_PRODUCTS_DIR; };
		A1C088CC1BB02B32004EDBDD /* Info.plist */ = {isa = PBXFileReference; lastKnownFileType = text.plist.xml; path = Info.plist; sourceTree = "<group>"; };
		A1C088CD1BB02B32004EDBDD /* __TransformsPracticeTests.m */ = {isa = PBXFileReference; lastKnownFileType = sourcecode.c.objc; path = __TransformsPracticeTests.m; sourceTree = "<group>"; };
/* End PBXFileReference section */

/* Begin PBXFrameworksBuildPhase section */
		A1C088AB1BB02B31004EDBDD /* Frameworks */ = {
			isa = PBXFrameworksBuildPhase;
			buildActionMask = 2147483647;
			files = (
			);
			runOnlyForDeploymentPostprocessing = 0;
		};
		A1C088C41BB02B32004EDBDD /* Frameworks */ = {
			isa = PBXFrameworksBuildPhase;
			buildActionMask = 2147483647;
			files = (
			);
			runOnlyForDeploymentPostprocessing = 0;
		};
/* End PBXFrameworksBuildPhase section */

/* Begin PBXGroup section */
		A1C088A51BB02B31004EDBDD = {
			isa = PBXGroup;
			children = (
				A1C088B01BB02B31004EDBDD /* 3_TransformsPractice */,
				A1C088CA1BB02B32004EDBDD /* 3_TransformsPracticeTests */,
				A1C088AF1BB02B31004EDBDD /* Products */,
			);
			sourceTree = "<group>";
		};
		A1C088AF1BB02B31004EDBDD /* Products */ = {
			isa = PBXGroup;
			children = (
				A1C088AE1BB02B31004EDBDD /* 3_TransformsPractice.app */,
				A1C088C71BB02B32004EDBDD /* 3_TransformsPracticeTests.xctest */,
			);
			name = Products;
			sourceTree = "<group>";
		};
		A1C088B01BB02B31004EDBDD /* 3_TransformsPractice */ = {
			isa = PBXGroup;
			children = (
				A1C088B51BB02B31004EDBDD /* AppDelegate.h */,
				A1C088B61BB02B31004EDBDD /* AppDelegate.m */,
				A1C088B81BB02B31004EDBDD /* ViewController.h */,
				A1C088B91BB02B31004EDBDD /* ViewController.m */,
				A1C088BB1BB02B31004EDBDD /* Main.storyboard */,
				A1C088BE1BB02B31004EDBDD /* Images.xcassets */,
				A1C088C01BB02B31004EDBDD /* LaunchScreen.xib */,
				A1C088B11BB02B31004EDBDD /* Supporting Files */,
			);
			path = 3_TransformsPractice;
			sourceTree = "<group>";
		};
		A1C088B11BB02B31004EDBDD /* Supporting Files */ = {
			isa = PBXGroup;
			children = (
				A1C088B21BB02B31004EDBDD /* Info.plist */,
				A1C088B31BB02B31004EDBDD /* main.m */,
			);
			name = "Supporting Files";
			sourceTree = "<group>";
		};
		A1C088CA1BB02B32004EDBDD /* 3_TransformsPracticeTests */ = {
			isa = PBXGroup;
			children = (
				A1C088CD1BB02B32004EDBDD /* __TransformsPracticeTests.m */,
				A1C088CB1BB02B32004EDBDD /* Supporting Files */,
			);
			path = 3_TransformsPracticeTests;
			sourceTree = "<group>";
		};
		A1C088CB1BB02B32004EDBDD /* Supporting Files */ = {
			isa = PBXGroup;
			children = (
				A1C088CC1BB02B32004EDBDD /* Info.plist */,
			);
			name = "Supporting Files";
			sourceTree = "<group>";
		};
/* End PBXGroup section */

/* Begin PBXNativeTarget section */
		A1C088AD1BB02B31004EDBDD /* 3_TransformsPractice */ = {
			isa = PBXNativeTarget;
			buildConfigurationList = A1C088D11BB02B32004EDBDD /* Build configuration list for PBXNativeTarget "3_TransformsPractice" */;
			buildPhases = (
				A1C088AA1BB02B31004EDBDD /* Sources */,
				A1C088AB1BB02B31004EDBDD /* Frameworks */,
				A1C088AC1BB02B31004EDBDD /* Resources */,
			);
			buildRules = (
			);
			dependencies = (
			);
			name = 3_TransformsPractice;
			productName = 3_TransformsPractice;
			productReference = A1C088AE1BB02B31004EDBDD /* 3_TransformsPractice.app */;
			productType = "com.apple.product-type.application";
		};
		A1C088C61BB02B32004EDBDD /* 3_TransformsPracticeTests */ = {
			isa = PBXNativeTarget;
			buildConfigurationList = A1C088D41BB02B32004EDBDD /* Build configuration list for PBXNativeTarget "3_TransformsPracticeTests" */;
			buildPhases = (
				A1C088C31BB02B32004EDBDD /* Sources */,
				A1C088C41BB02B32004EDBDD /* Frameworks */,
				A1C088C51BB02B32004EDBDD /* Resources */,
			);
			buildRules = (
			);
			dependencies = (
				A1C088C91BB02B32004EDBDD /* PBXTargetDependency */,
			);
			name = 3_TransformsPracticeTests;
			productName = 3_TransformsPracticeTests;
			productReference = A1C088C71BB02B32004EDBDD /* 3_TransformsPracticeTests.xctest */;
			productType = "com.apple.product-type.bundle.unit-test";
		};
/* End PBXNativeTarget section */

/* Begin PBXProject section */
		A1C088A61BB02B31004EDBDD /* Project object */ = {
			isa = PBXProject;
			attributes = {
				LastUpgradeCheck = 0640;
				ORGANIZATIONNAME = Fran;
				TargetAttributes = {
					A1C088AD1BB02B31004EDBDD = {
						CreatedOnToolsVersion = 6.4;
					};
					A1C088C61BB02B32004EDBDD = {
						CreatedOnToolsVersion = 6.4;
						TestTargetID = A1C088AD1BB02B31004EDBDD;
					};
				};
			};
			buildConfigurationList = A1C088A91BB02B31004EDBDD /* Build configuration list for PBXProject "3_TransformsPractice" */;
			compatibilityVersion = "Xcode 3.2";
			developmentRegion = English;
			hasScannedForEncodings = 0;
			knownRegions = (
				en,
				Base,
			);
			mainGroup = A1C088A51BB02B31004EDBDD;
			productRefGroup = A1C088AF1BB02B31004EDBDD /* Products */;
			projectDirPath = "";
			projectRoot = "";
			targets = (
				A1C088AD1BB02B31004EDBDD /* 3_TransformsPractice */,
				A1C088C61BB02B32004EDBDD /* 3_TransformsPracticeTests */,
			);
		};
/* End PBXProject section */

/* Begin PBXResourcesBuildPhase section */
		A1C088AC1BB02B31004EDBDD /* Resources */ = {
			isa = PBXResourcesBuildPhase;
			buildActionMask = 2147483647;
			files = (
				A1C088BD1BB02B31004EDBDD /* Main.storyboard in Resources */,
				A1C088C21BB02B31004EDBDD /* LaunchScreen.xib in Resources */,
				A1C088BF1BB02B31004EDBDD /* Images.xcassets in Resources */,
			);
			runOnlyForDeploymentPostprocessing = 0;
		};
		A1C088C51BB02B32004EDBDD /* Resources */ = {
			isa = PBXResourcesBuildPhase;
			buildActionMask = 2147483647;
			files = (
			);
			runOnlyForDeploymentPostprocessing = 0;
		};
/* End PBXResourcesBuildPhase section */

/* Begin PBXSourcesBuildPhase section */
		A1C088AA1BB02B31004EDBDD /* Sources */ = {
			isa = PBXSourcesBuildPhase;
			buildActionMask = 2147483647;
			files = (
				A1C088BA1BB02B31004EDBDD /* ViewController.m in Sources */,
				A1C088B71BB02B31004EDBDD /* AppDelegate.m in Sources */,
				A1C088B41BB02B31004EDBDD /* main.m in Sources */,
			);
			runOnlyForDeploymentPostprocessing = 0;
		};
		A1C088C31BB02B32004EDBDD /* Sources */ = {
			isa = PBXSourcesBuildPhase;
			buildActionMask = 2147483647;
			files = (
				A1C088CE1BB02B32004EDBDD /* __TransformsPracticeTests.m in Sources */,
			);
			runOnlyForDeploymentPostprocessing = 0;
		};
/* End PBXSourcesBuildPhase section */

/* Begin PBXTargetDependency section */
		A1C088C91BB02B32004EDBDD /* PBXTargetDependency */ = {
			isa = PBXTargetDependency;
			target = A1C088AD1BB02B31004EDBDD /* 3_TransformsPractice */;
			targetProxy = A1C088C81BB02B32004EDBDD /* PBXContainerItemProxy */;
		};
/* End PBXTargetDependency section */

/* Begin PBXVariantGroup section */
		A1C088BB1BB02B31004EDBDD /* Main.storyboard */ = {
			isa = PBXVariantGroup;
			children = (
				A1C088BC1BB02B31004EDBDD /* Base */,
			);
			name = Main.storyboard;
			sourceTree = "<group>";
		};
		A1C088C01BB02B31004EDBDD /* LaunchScreen.xib */ = {
			isa = PBXVariantGroup;
			children = (
				A1C088C11BB02B31004EDBDD /* Base */,
			);
			name = LaunchScreen.xib;
			sourceTree = "<group>";
		};
/* End PBXVariantGroup section */

/* Begin XCBuildConfiguration section */
		A1C088CF1BB02B32004EDBDD /* Debug */ = {
			isa = XCBuildConfiguration;
			buildSettings = {
				ALWAYS_SEARCH_USER_PATHS = NO;
				CLANG_CXX_LANGUAGE_STANDARD = "gnu++0x";
				CLANG_CXX_LIBRARY = "libc++";
				CLANG_ENABLE_MODULES = YES;
				CLANG_ENABLE_OBJC_ARC = YES;
				CLANG_WARN_BOOL_CONVERSION = YES;
				CLANG_WARN_CONSTANT_CONVERSION = YES;
				CLANG_WARN_DIRECT_OBJC_ISA_USAGE = YES_ERROR;
				CLANG_WARN_EMPTY_BODY = YES;
				CLANG_WARN_ENUM_CONVERSION = YES;
				CLANG_WARN_INT_CONVERSION = YES;
				CLANG_WARN_OBJC_ROOT_CLASS = YES_ERROR;
				CLANG_WARN_UNREACHABLE_CODE = YES;
				CLANG_WARN__DUPLICATE_METHOD_MATCH = YES;
				"CODE_SIGN_IDENTITY[sdk=iphoneos*]" = "iPhone Developer";
				COPY_PHASE_STRIP = NO;
				DEBUG_INFORMATION_FORMAT = "dwarf-with-dsym";
				ENABLE_STRICT_OBJC_MSGSEND = YES;
				GCC_C_LANGUAGE_STANDARD = gnu99;
				GCC_DYNAMIC_NO_PIC = NO;
				GCC_NO_COMMON_BLOCKS = YES;
				GCC_OPTIMIZATION_LEVEL = 0;
				GCC_PREPROCESSOR_DEFINITIONS = (
					"DEBUG=1",
					"$(inherited)",
				);
				GCC_SYMBOLS_PRIVATE_EXTERN = NO;
				GCC_WARN_64_TO_32_BIT_CONVERSION = YES;
				GCC_WARN_ABOUT_RETURN_TYPE = YES_ERROR;
				GCC_WARN_UNDECLARED_SELECTOR = YES;
				GCC_WARN_UNINITIALIZED_AUTOS = YES_AGGRESSIVE;
				GCC_WARN_UNUSED_FUNCTION = YES;
				GCC_WARN_UNUSED_VARIABLE = YES;
				IPHONEOS_DEPLOYMENT_TARGET = 8.4;
				MTL_ENABLE_DEBUG_INFO = YES;
				ONLY_ACTIVE_ARCH = YES;
				SDKROOT = iphoneos;
			};
			name = Debug;
		};
		A1C088D01BB02B32004EDBDD /* Release */ = {
			isa = XCBuildConfiguration;
			buildSettings = {
				ALWAYS_SEARCH_USER_PATHS = NO;
				CLANG_CXX_LANGUAGE_STANDARD = "gnu++0x";
				CLANG_CXX_LIBRARY = "libc++";
				CLANG_ENABLE_MODULES = YES;
				CLANG_ENABLE_OBJC_ARC = YES;
				CLANG_WARN_BOOL_CONVERSION = YES;
				CLANG_WARN_CONSTANT_CONVERSION = YES;
				CLANG_WARN_DIRECT_OBJC_ISA_USAGE = YES_ERROR;
				CLANG_WARN_EMPTY_BODY = YES;
				CLANG_WARN_ENUM_CONVERSION = YES;
				CLANG_WARN_INT_CONVERSION = YES;
				CLANG_WARN_OBJC_ROOT_CLASS = YES_ERROR;
				CLANG_WARN_UNREACHABLE_CODE = YES;
				CLANG_WARN__DUPLICATE_METHOD_MATCH = YES;
				"CODE_SIGN_IDENTITY[sdk=iphoneos*]" = "iPhone Developer";
				COPY_PHASE_STRIP = NO;
				DEBUG_INFORMATION_FORMAT = "dwarf-with-dsym";
				ENABLE_NS_ASSERTIONS = NO;
				ENABLE_STRICT_OBJC_MSGSEND = YES;
				GCC_C_LANGUAGE_STANDARD = gnu99;
				GCC_NO_COMMON_BLOCKS = YES;
				GCC_WARN_64_TO_32_BIT_CONVERSION = YES;
				GCC_WARN_ABOUT_RETURN_TYPE = YES_ERROR;
				GCC_WARN_UNDECLARED_SELECTOR = YES;
				GCC_WARN_UNINITIALIZED_AUTOS = YES_AGGRESSIVE;
				GCC_WARN_UNUSED_FUNCTION = YES;
				GCC_WARN_UNUSED_VARIABLE = YES;
				IPHONEOS_DEPLOYMENT_TARGET = 8.4;
				MTL_ENABLE_DEBUG_INFO = NO;
				SDKROOT = iphoneos;
				VALIDATE_PRODUCT = YES;
			};
			name = Release;
		};
		A1C088D21BB02B32004EDBDD /* Debug */ = {
			isa = XCBuildConfiguration;
			buildSettings = {
				ASSETCATALOG_COMPILER_APPICON_NAME = AppIcon;
				INFOPLIST_FILE = 3_TransformsPractice/Info.plist;
				LD_RUNPATH_SEARCH_PATHS = "$(inherited) @executable_path/Frameworks";
				PRODUCT_NAME = "$(TARGET_NAME)";
			};
			name = Debug;
		};
		A1C088D31BB02B32004EDBDD /* Release */ = {
			isa = XCBuildConfiguration;
			buildSettings = {
				ASSETCATALOG_COMPILER_APPICON_NAME = AppIcon;
				INFOPLIST_FILE = 3_TransformsPractice/Info.plist;
				LD_RUNPATH_SEARCH_PATHS = "$(inherited) @executable_path/Frameworks";
				PRODUCT_NAME = "$(TARGET_NAME)";
			};
			name = Release;
		};
		A1C088D51BB02B32004EDBDD /* Debug */ = {
			isa = XCBuildConfiguration;
			buildSettings = {
				BUNDLE_LOADER = "$(TEST_HOST)";
				FRAMEWORK_SEARCH_PATHS = (
					"$(SDKROOT)/Developer/Library/Frameworks",
					"$(inherited)",
				);
				GCC_PREPROCESSOR_DEFINITIONS = (
					"DEBUG=1",
					"$(inherited)",
				);
				INFOPLIST_FILE = 3_TransformsPracticeTests/Info.plist;
				LD_RUNPATH_SEARCH_PATHS = "$(inherited) @executable_path/Frameworks @loader_path/Frameworks";
				PRODUCT_NAME = "$(TARGET_NAME)";
				TEST_HOST = "$(BUILT_PRODUCTS_DIR)/3_TransformsPractice.app/3_TransformsPractice";
			};
			name = Debug;
		};
		A1C088D61BB02B32004EDBDD /* Release */ = {
			isa = XCBuildConfiguration;
			buildSettings = {
				BUNDLE_LOADER = "$(TEST_HOST)";
				FRAMEWORK_SEARCH_PATHS = (
					"$(SDKROOT)/Developer/Library/Frameworks",
					"$(inherited)",
				);
				INFOPLIST_FILE = 3_TransformsPracticeTests/Info.plist;
				LD_RUNPATH_SEARCH_PATHS = "$(inherited) @executable_path/Frameworks @loader_path/Frameworks";
				PRODUCT_NAME = "$(TARGET_NAME)";
				TEST_HOST = "$(BUILT_PRODUCTS_DIR)/3_TransformsPractice.app/3_TransformsPractice";
			};
			name = Release;
		};
/* End XCBuildConfiguration section */

/* Begin XCConfigurationList section */
		A1C088A91BB02B31004EDBDD /* Build configuration list for PBXProject "3_TransformsPractice" */ = {
			isa = XCConfigurationList;
			buildConfigurations = (
				A1C088CF1BB02B32004EDBDD /* Debug */,
				A1C088D01BB02B32004EDBDD /* Release */,
			);
			defaultConfigurationIsVisible = 0;
			defaultConfigurationName = Release;
		};
		A1C088D11BB02B32004EDBDD /* Build configuration list for PBXNativeTarget "3_TransformsPractice" */ = {
			isa = XCConfigurationList;
			buildConfigurations = (
				A1C088D21BB02B32004EDBDD /* Debug */,
				A1C088D31BB02B32004EDBDD /* Release */,
			);
			defaultConfigurationIsVisible = 0;
		};
		A1C088D41BB02B32004EDBDD /* Build configuration list for PBXNativeTarget "3_TransformsPracticeTests" */ = {
			isa = XCConfigurationList;
			buildConfigurations = (
				A1C088D51BB02B32004EDBDD /* Debug */,
				A1C088D61BB02B32004EDBDD /* Release */,
			);
			defaultConfigurationIsVisible = 0;
		};
/* End XCConfigurationList section */
	};
	rootObject = A1C088A61BB02B31004EDBDD /* Project object */;
}
